{
  "requires": true,
  "lockfileVersion": 1,
  "dependencies": {
    "jquery": {
      "version": "3.5.1",
      "resolved": "https://registry.npmjs.org/jquery/-/jquery-3.5.1.tgz",
      "integrity": "sha512-XwIBPqcMn57FxfT+Go5pzySnm4KWkT1Tv7gjrpT1srtf8Weynl6R273VJ5GjkRb51IzMp5nbaPjJXMWeju2MKg=="
    },
    "pepjs": {
      "version": "0.5.2",
      "resolved": "https://registry.npmjs.org/pepjs/-/pepjs-0.5.2.tgz",
      "integrity": "sha512-acPfplXnTKaG8p7VBgkNaBJSGsZu7LYrqEmLCQFoeHYl21B74mMBeVoQA/Gl9u5GmysgzrOCeHsEjw0mXo61nw=="
    }
  }
}
